
Microsoft Visual Studio Solution File, Format Version 12.00
# Visual Studio Version 17
VisualStudioVersion = 17.10.35122.118
MinimumVisualStudioVersion = 10.0.40219.1
Project("{9A19103F-16F7-4668-BE54-9A1E7A4F7556}") = "QBScorer", "QBScorer\QBScorer.csproj", "{09963AC6-697B-4E4B-96FE-A7D362980213}"
EndProject
Global
	GlobalSection(SolutionConfigurationPlatforms) = preSolution
		Debug|Any CPU = Debug|Any CPU
		Debug|x64 = Debug|x64
		Release|Any CPU = Release|Any CPU
		Release|x64 = Release|x64
		Test|Any CPU = Test|Any CPU
		Test|x64 = Test|x64
	EndGlobalSection
	GlobalSection(ProjectConfigurationPlatforms) = postSolution
		{09963AC6-697B-4E4B-96FE-A7D362980213}.Debug|Any CPU.ActiveCfg = Debug|x64
		{09963AC6-697B-4E4B-96FE-A7D362980213}.Debug|Any CPU.Build.0 = Debug|x64
		{09963AC6-697B-4E4B-96FE-A7D362980213}.Debug|x64.ActiveCfg = Debug|x64
		{09963AC6-697B-4E4B-96FE-A7D362980213}.Debug|x64.Build.0 = Debug|x64
		{09963AC6-697B-4E4B-96FE-A7D362980213}.Release|Any CPU.ActiveCfg = Release|Any CPU
		{09963AC6-697B-4E4B-96FE-A7D362980213}.Release|Any CPU.Build.0 = Release|Any CPU
		{09963AC6-697B-4E4B-96FE-A7D362980213}.Release|x64.ActiveCfg = Release|x64
		{09963AC6-697B-4E4B-96FE-A7D362980213}.Release|x64.Build.0 = Release|x64
		{09963AC6-697B-4E4B-96FE-A7D362980213}.Test|Any CPU.ActiveCfg = Test|Any CPU
		{09963AC6-697B-4E4B-96FE-A7D362980213}.Test|Any CPU.Build.0 = Test|Any CPU
		{09963AC6-697B-4E4B-96FE-A7D362980213}.Test|x64.ActiveCfg = Test|x64
		{09963AC6-697B-4E4B-96FE-A7D362980213}.Test|x64.Build.0 = Test|x64
	EndGlobalSection
	GlobalSection(SolutionProperties) = preSolution
		HideSolutionNode = FALSE
	EndGlobalSection
	GlobalSection(ExtensibilityGlobals) = postSolution
		SolutionGuid = {3F64EEDC-AB0C-4A98-BF26-BF525536A1B7}
	EndGlobalSection
EndGlobal
